{
  "nodes": {
    "nixpkgs": {
      "locked": {
        "lastModified": 1606230325,
        "narHash": "sha256-eqS2nEHYsEiUYTitILyRL9NUp1uJqAWdcB6kwV3BtqE=",
        "owner": "nixos",
        "repo": "nixpkgs",
        "rev": "13c128fb1c70b0b572750306a79a4ad84a7fb204",
        "type": "github"
      },
      "original": {
        "owner": "nixos",
        "ref": "release-20.09",
        "repo": "nixpkgs",
        "type": "github"
      }
    },
    "root": {
      "inputs": {
        "nixpkgs": "nixpkgs"
      }
    }
  },
  "root": "root",
  "version": 7
}
